
Microsoft Visual Studio Solution File, Format Version 12.00
# Visual Studio Version 17
VisualStudioVersion = 17.7.34024.191
MinimumVisualStudioVersion = 10.0.40219.1
Project("{FAE04EC0-301F-11D3-BF4B-00C04F79EFBC}") = "CCTV_Client", "CCTV_Client\CCTV_Client.csproj", "{84C12CC2-3581-4817-B10E-3063DD02B58C}"
EndProject
Global
	GlobalSection(SolutionConfigurationPlatforms) = preSolution
		Debug|Any CPU = Debug|Any CPU
		Debug|x64 = Debug|x64
		Release|Any CPU = Release|Any CPU
		Release|x64 = Release|x64
	EndGlobalSection
	GlobalSection(ProjectConfigurationPlatforms) = postSolution
		{84C12CC2-3581-4817-B10E-3063DD02B58C}.Debug|Any CPU.ActiveCfg = Debug|Any CPU
		{84C12CC2-3581-4817-B10E-3063DD02B58C}.Debug|Any CPU.Build.0 = Debug|Any CPU
		{84C12CC2-3581-4817-B10E-3063DD02B58C}.Debug|x64.ActiveCfg = Debug|x64
		{84C12CC2-3581-4817-B10E-3063DD02B58C}.Debug|x64.Build.0 = Debug|x64
		{84C12CC2-3581-4817-B10E-3063DD02B58C}.Release|Any CPU.ActiveCfg = Release|Any CPU
		{84C12CC2-3581-4817-B10E-3063DD02B58C}.Release|Any CPU.Build.0 = Release|Any CPU
		{84C12CC2-3581-4817-B10E-3063DD02B58C}.Release|x64.ActiveCfg = Release|x64
		{84C12CC2-3581-4817-B10E-3063DD02B58C}.Release|x64.Build.0 = Release|x64
	EndGlobalSection
	GlobalSection(SolutionProperties) = preSolution
		HideSolutionNode = FALSE
	EndGlobalSection
	GlobalSection(ExtensibilityGlobals) = postSolution
		SolutionGuid = {21339581-3F16-4D64-8976-768229C0095E}
	EndGlobalSection
EndGlobal
